Microsoft Visual Studio Solution File, Format Version 12.00
# Visual Studio 2012
Project("{FAE04EC0-301F-11D3-BF4B-00C04F79EFBC}") = "El-Quijote", "El-Quijote.csproj", "{468131C9-2CB3-4F12-B6ED-695564EB3785}"
EndProject
Global
	GlobalSection(SolutionConfigurationPlatforms) = preSolution
	Debug|Any CPU = Debug|Any CPU
	ExportDebug|Any CPU = ExportDebug|Any CPU
	ExportRelease|Any CPU = ExportRelease|Any CPU
	EndGlobalSection
	GlobalSection(ProjectConfigurationPlatforms) = postSolution
		{468131C9-2CB3-4F12-B6ED-695564EB3785}.Debug|Any CPU.ActiveCfg = Debug|Any CPU
		{468131C9-2CB3-4F12-B6ED-695564EB3785}.Debug|Any CPU.Build.0 = Debug|Any CPU
		{468131C9-2CB3-4F12-B6ED-695564EB3785}.ExportDebug|Any CPU.ActiveCfg = ExportDebug|Any CPU
		{468131C9-2CB3-4F12-B6ED-695564EB3785}.ExportDebug|Any CPU.Build.0 = ExportDebug|Any CPU
		{468131C9-2CB3-4F12-B6ED-695564EB3785}.ExportRelease|Any CPU.ActiveCfg = ExportRelease|Any CPU
		{468131C9-2CB3-4F12-B6ED-695564EB3785}.ExportRelease|Any CPU.Build.0 = ExportRelease|Any CPU
	EndGlobalSection
EndGlobal
